
Microsoft Visual Studio Solution File, Format Version 12.00
# Visual Studio 2012
Project("{FAE04EC0-301F-11D3-BF4B-00C04F79EFBC}") = "EncryptFile", "EncryptFile\EncryptFile.csproj", "{754A0A93-ECC0-45D1-9E54-BF2A554369BA}"
EndProject
Global
	GlobalSection(SolutionConfigurationPlatforms) = preSolution
		Debug|Any CPU = Debug|Any CPU
		Release|Any CPU = Release|Any CPU
	EndGlobalSection
	GlobalSection(ProjectConfigurationPlatforms) = postSolution
		{754A0A93-ECC0-45D1-9E54-BF2A554369BA}.Debug|Any CPU.ActiveCfg = Debug|Any CPU
		{754A0A93-ECC0-45D1-9E54-BF2A554369BA}.Debug|Any CPU.Build.0 = Debug|Any CPU
		{754A0A93-ECC0-45D1-9E54-BF2A554369BA}.Release|Any CPU.ActiveCfg = Release|Any CPU
		{754A0A93-ECC0-45D1-9E54-BF2A554369BA}.Release|Any CPU.Build.0 = Release|Any CPU
	EndGlobalSection
	GlobalSection(SolutionProperties) = preSolution
		HideSolutionNode = FALSE
	EndGlobalSection
EndGlobal
